
Microsoft Visual Studio Solution File, Format Version 12.00
# Visual Studio Version 17
VisualStudioVersion = 17.12.35707.178
MinimumVisualStudioVersion = 10.0.40219.1
Project("{FAE04EC0-301F-11D3-BF4B-00C04F79EFBC}") = "WMTSCHOOLPROJECT", "WMTSCHOOLPROJECT\WMTSCHOOLPROJECT.csproj", "{2AC0FA41-8CCC-4EEA-9AE1-353A18B8416E}"
EndProject
Project("{E24C65DC-7377-472B-9ABA-BC803B73C61A}") = "schoolproject", "..\schoolproject\", "{2440F8CB-591F-443B-9D7F-7690D5C6E024}"
	ProjectSection(WebsiteProperties) = preProject
		TargetFrameworkMoniker = ".NETFramework,Version%3Dv4.0"
		Debug.AspNetCompiler.VirtualPath = "/localhost_56252"
		Debug.AspNetCompiler.PhysicalPath = "..\schoolproject\"
		Debug.AspNetCompiler.TargetPath = "PrecompiledWeb\localhost_56252\"
		Debug.AspNetCompiler.Updateable = "true"
		Debug.AspNetCompiler.ForceOverwrite = "true"
		Debug.AspNetCompiler.FixedNames = "false"
		Debug.AspNetCompiler.Debug = "True"
		Release.AspNetCompiler.VirtualPath = "/localhost_56252"
		Release.AspNetCompiler.PhysicalPath = "..\schoolproject\"
		Release.AspNetCompiler.TargetPath = "PrecompiledWeb\localhost_56252\"
		Release.AspNetCompiler.Updateable = "true"
		Release.AspNetCompiler.ForceOverwrite = "true"
		Release.AspNetCompiler.FixedNames = "false"
		Release.AspNetCompiler.Debug = "False"
		VWDPort = "56252"
		SlnRelativePath = "..\schoolproject\"
	EndProjectSection
EndProject
Global
	GlobalSection(SolutionConfigurationPlatforms) = preSolution
		Debug|Any CPU = Debug|Any CPU
		Release|Any CPU = Release|Any CPU
	EndGlobalSection
	GlobalSection(ProjectConfigurationPlatforms) = postSolution
		{2AC0FA41-8CCC-4EEA-9AE1-353A18B8416E}.Debug|Any CPU.ActiveCfg = Debug|Any CPU
		{2AC0FA41-8CCC-4EEA-9AE1-353A18B8416E}.Debug|Any CPU.Build.0 = Debug|Any CPU
		{2AC0FA41-8CCC-4EEA-9AE1-353A18B8416E}.Release|Any CPU.ActiveCfg = Release|Any CPU
		{2AC0FA41-8CCC-4EEA-9AE1-353A18B8416E}.Release|Any CPU.Build.0 = Release|Any CPU
		{2440F8CB-591F-443B-9D7F-7690D5C6E024}.Debug|Any CPU.ActiveCfg = Debug|Any CPU
		{2440F8CB-591F-443B-9D7F-7690D5C6E024}.Debug|Any CPU.Build.0 = Debug|Any CPU
		{2440F8CB-591F-443B-9D7F-7690D5C6E024}.Release|Any CPU.ActiveCfg = Debug|Any CPU
		{2440F8CB-591F-443B-9D7F-7690D5C6E024}.Release|Any CPU.Build.0 = Debug|Any CPU
	EndGlobalSection
	GlobalSection(SolutionProperties) = preSolution
		HideSolutionNode = FALSE
	EndGlobalSection
EndGlobal
